{
  "name": "sls-logger",
  "version": "1.0.0",
  "lockfileVersion": 1,
  "requires": true,
  "dependencies": {
    "@protobufjs/aspromise": {
      "version": "1.1.2",
      "resolved": "https://registry.npmjs.org/@protobufjs/aspromise/-/aspromise-1.1.2.tgz",
      "integrity": "sha1-m4sMxmPWaafY9vXQiToU00jzD78="
    },
    "@protobufjs/base64": {
      "version": "1.1.2",
      "resolved": "https://registry.npmjs.org/@protobufjs/base64/-/base64-1.1.2.tgz",
      "integrity": "sha512-AZkcAA5vnN/v4PDqKyMR5lx7hZttPDgClv83E//FMNhR2TMcLUhfRUBHCmSl0oi9zMgDDqRUJkSxO3wm85+XLg=="
    },
    "@protobufjs/codegen": {
      "version": "2.0.4",
      "resolved": "https://registry.npmjs.org/@protobufjs/codegen/-/codegen-2.0.4.tgz",
      "integrity": "sha512-YyFaikqM5sH0ziFZCN3xDC7zeGaB/d0IUb9CATugHWbd1FRFwWwt4ld4OYMPWu5a3Xe01mGAULCdqhMlPl29Jg=="
    },
    "@protobufjs/eventemitter": {
      "version": "1.1.0",
      "resolved": "https://registry.npmjs.org/@protobufjs/eventemitter/-/eventemitter-1.1.0.tgz",
      "integrity": "sha1-NVy8mLr61ZePntCV85diHx0Ga3A="
    },
    "@protobufjs/fetch": {
      "version": "1.1.0",
      "resolved": "https://registry.npmjs.org/@protobufjs/fetch/-/fetch-1.1.0.tgz",
      "integrity": "sha1-upn7WYYUr2VwDBYZ/wbUVLDYTEU=",
      "requires": {
        "@protobufjs/aspromise": "^1.1.1",
        "@protobufjs/inquire": "^1.1.0"
      }
    },
    "@protobufjs/float": {
      "version": "1.0.2",
      "resolved": "https://registry.npmjs.org/@protobufjs/float/-/float-1.0.2.tgz",
      "integrity": "sha1-Xp4avctz/Ap8uLKR33jIy9l7h9E="
    },
    "@protobufjs/inquire": {
      "version": "1.1.0",
      "resolved": "https://registry.npmjs.org/@protobufjs/inquire/-/inquire-1.1.0.tgz",
      "integrity": "sha1-/yAOPnzyQp4tyvwRQIKOjMY48Ik="
    },
    "@protobufjs/path": {
      "version": "1.1.2",
      "resolved": "https://registry.npmjs.org/@protobufjs/path/-/path-1.1.2.tgz",
      "integrity": "sha1-bMKyDFya1q0NzP0hynZz2Nf79o0="
    },
    "@protobufjs/pool": {
      "version": "1.1.0",
      "resolved": "https://registry.npmjs.org/@protobufjs/pool/-/pool-1.1.0.tgz",
      "integrity": "sha1-Cf0V8tbTq/qbZbw2ZQbWrXhG/1Q="
    },
    "@protobufjs/utf8": {
      "version": "1.1.0",
      "resolved": "https://registry.npmjs.org/@protobufjs/utf8/-/utf8-1.1.0.tgz",
      "integrity": "sha1-p3c2C1s5oaLlEG+OhY8v0tBgxXA="
    },
    "@types/crypto-js": {
      "version": "3.1.43",
      "resolved": "https://registry.npmjs.org/@types/crypto-js/-/crypto-js-3.1.43.tgz",
      "integrity": "sha512-EHe/YKctU3IYNBsDmSOPX/7jLHPRlx8WaiDKSY9JCTnJ8XJeM4c0ZJvx+9Gxmr2s2ihI92R+3U/gNL1sq5oRuQ==",
      "dev": true
    },
    "@types/long": {
      "version": "4.0.0",
      "resolved": "https://registry.npmjs.org/@types/long/-/long-4.0.0.tgz",
      "integrity": "sha512-1w52Nyx4Gq47uuu0EVcsHBxZFJgurQ+rTKS3qMHxR1GY2T8c2AJYd6vZoZ9q1rupaDjU0yT+Jc2XTyXkjeMA+Q=="
    },
    "@types/md5": {
      "version": "2.1.32",
      "resolved": "https://registry.npmjs.org/@types/md5/-/md5-2.1.32.tgz",
      "integrity": "sha1-k+I0N/zRenucqY0CqmAC6DWEL+g=",
      "dev": true,
      "requires": {
        "@types/node": "*"
      }
    },
    "@types/node": {
      "version": "10.9.4",
      "resolved": "https://registry.npmjs.org/@types/node/-/node-10.9.4.tgz",
      "integrity": "sha512-fCHV45gS+m3hH17zgkgADUSi2RR1Vht6wOZ0jyHP8rjiQra9f+mIcgwPQHllmDocYOstIEbKlxbFDYlgrTPYqw=="
    },
    "charenc": {
      "version": "0.0.2",
      "resolved": "https://registry.npmjs.org/charenc/-/charenc-0.0.2.tgz",
      "integrity": "sha1-wKHS86cJLgN3S/qD8UwPxXkKhmc="
    },
    "crypt": {
      "version": "0.0.2",
      "resolved": "https://registry.npmjs.org/crypt/-/crypt-0.0.2.tgz",
      "integrity": "sha1-iNf/fsDfuG9xPch7u0LQRNPmxBs="
    },
    "crypto-js": {
      "version": "3.1.9-1",
      "resolved": "https://registry.npmjs.org/crypto-js/-/crypto-js-3.1.9-1.tgz",
      "integrity": "sha1-/aGedh/Ad+Af+/3G6f38WeiAbNg="
    },
    "cuint": {
      "version": "0.2.2",
      "resolved": "https://registry.npmjs.org/cuint/-/cuint-0.2.2.tgz",
      "integrity": "sha1-QICG1AlVDCYxFVYZ6fp7ytw7mRs="
    },
    "is-buffer": {
      "version": "1.1.6",
      "resolved": "https://registry.npmjs.org/is-buffer/-/is-buffer-1.1.6.tgz",
      "integrity": "sha512-NcdALwpXkTm5Zvvbk7owOUSvVvBKDgKP5/ewfXEznmQFfs4ZRmanOeKBTjRVjka3QFoN6XJ+9F3USqfHqTaU5w=="
    },
    "long": {
      "version": "4.0.0",
      "resolved": "https://registry.npmjs.org/long/-/long-4.0.0.tgz",
      "integrity": "sha512-XsP+KhQif4bjX1kbuSiySJFNAehNxgLb6hPRGJ9QsUr8ajHkuXGdrHmFUTUUXhDwVX2R5bY4JNZEwbUiMhV+MA=="
    },
    "lz4": {
      "version": "0.6.0",
      "resolved": "https://registry.npmjs.org/lz4/-/lz4-0.6.0.tgz",
      "integrity": "sha512-J2ZqNFyNfW7f0kPRRmuXmn3toy0ZLmLJFxVyVDUGaNNvUqI3J+eiAVRmN4tAX/xUASFg3voCPNCCVK27HxtEkw==",
      "requires": {
        "cuint": "^0.2.0",
        "nan": "^2.0.9",
        "xxhashjs": "^0.1.1"
      }
    },
    "md5": {
      "version": "2.2.1",
      "resolved": "https://registry.npmjs.org/md5/-/md5-2.2.1.tgz",
      "integrity": "sha1-U6s41f48iJG6RlMp6iP6wFQBJvk=",
      "requires": {
        "charenc": "~0.0.1",
        "crypt": "~0.0.1",
        "is-buffer": "~1.1.1"
      }
    },
    "nan": {
      "version": "2.11.0",
      "resolved": "https://registry.npmjs.org/nan/-/nan-2.11.0.tgz",
      "integrity": "sha512-F4miItu2rGnV2ySkXOQoA8FKz/SR2Q2sWP0sbTxNxz/tuokeC8WxOhPMcwi0qIyGtVn/rrSeLbvVkznqCdwYnw=="
    },
    "protobufjs": {
      "version": "6.8.8",
      "resolved": "https://registry.npmjs.org/protobufjs/-/protobufjs-6.8.8.tgz",
      "integrity": "sha512-AAmHtD5pXgZfi7GMpllpO3q1Xw1OYldr+dMUlAnffGTAhqkg72WdmSY71uKBF/JuyiKs8psYbtKrhi0ASCD8qw==",
      "requires": {
        "@protobufjs/aspromise": "^1.1.2",
        "@protobufjs/base64": "^1.1.2",
        "@protobufjs/codegen": "^2.0.4",
        "@protobufjs/eventemitter": "^1.1.0",
        "@protobufjs/fetch": "^1.1.0",
        "@protobufjs/float": "^1.0.2",
        "@protobufjs/inquire": "^1.1.0",
        "@protobufjs/path": "^1.1.2",
        "@protobufjs/pool": "^1.1.0",
        "@protobufjs/utf8": "^1.1.0",
        "@types/long": "^4.0.0",
        "@types/node": "^10.1.0",
        "long": "^4.0.0"
      }
    },
    "xxhashjs": {
      "version": "0.1.1",
      "resolved": "https://registry.npmjs.org/xxhashjs/-/xxhashjs-0.1.1.tgz",
      "integrity": "sha1-oDzhvjopRqHTH+zgwYly+L0uRk8=",
      "requires": {
        "cuint": "^0.2.2"
      },
      "dependencies": {
        "cuint": {
          "version": "0.2.2",
          "resolved": "https://registry.npmjs.org/cuint/-/cuint-0.2.2.tgz",
          "integrity": "sha1-QICG1AlVDCYxFVYZ6fp7ytw7mRs="
        }
      }
    }
  }
}
